
Microsoft Visual Studio Solution File, Format Version 12.00
# Visual Studio Version 16
VisualStudioVersion = 16.0.30204.135
MinimumVisualStudioVersion = 10.0.40219.1
Project("{FAE04EC0-301F-11D3-BF4B-00C04F79EFBC}") = "InsuranceApp", "InsuranceApp.csproj", "{EBAE7908-74E5-4C07-BB9F-611F0628CF0E}"
EndProject
Global
	GlobalSection(SolutionConfigurationPlatforms) = preSolution
		Debug|Any CPU = Debug|Any CPU
		Release|Any CPU = Release|Any CPU
	EndGlobalSection
	GlobalSection(ProjectConfigurationPlatforms) = postSolution
		{EBAE7908-74E5-4C07-BB9F-611F0628CF0E}.Debug|Any CPU.ActiveCfg = Debug|Any CPU
		{EBAE7908-74E5-4C07-BB9F-611F0628CF0E}.Debug|Any CPU.Build.0 = Debug|Any CPU
		{EBAE7908-74E5-4C07-BB9F-611F0628CF0E}.Release|Any CPU.ActiveCfg = Release|Any CPU
		{EBAE7908-74E5-4C07-BB9F-611F0628CF0E}.Release|Any CPU.Build.0 = Release|Any CPU
	EndGlobalSection
	GlobalSection(SolutionProperties) = preSolution
		HideSolutionNode = FALSE
	EndGlobalSection
	GlobalSection(ExtensibilityGlobals) = postSolution
		SolutionGuid = {FACE6BB4-3CEE-4E5C-AEE8-9AD78A676189}
	EndGlobalSection
EndGlobal
